{
  "name": "kbn_sankey_vis",
  "version": "6.0.0",
  "lockfileVersion": 1,
  "requires": true,
  "dependencies": {
    "d3": {
      "version": "3.5.17",
      "resolved": "https://registry.npmjs.org/d3/-/d3-3.5.17.tgz",
      "integrity": "sha1-vEZ0gAQ3iyGjYMn8fPUjF5B2L7g="
    },
    "d3-plugins-sankey": {
      "version": "1.2.1",
      "resolved": "https://registry.npmjs.org/d3-plugins-sankey/-/d3-plugins-sankey-1.2.1.tgz",
      "integrity": "sha1-FMIsiqrr7zYRdMlw2DbcUB7AHi4=",
      "requires": {
        "d3": "3.5.17"
      }
    },
    "d3-plugins-sankey-fixed": {
      "version": "github:WolfangAukang/d3-plugins-sankey#8672dc9c15df5f4a1d2a7284fdb5148ec7f52b6d",
      "requires": {
        "d3": "3.5.17"
      }
    }
  }
}
